
Microsoft Visual Studio Solution File, Format Version 12.00
# Visual Studio Version 17
VisualStudioVersion = 17.4.33213.308
MinimumVisualStudioVersion = 10.0.40219.1
Project("{FAE04EC0-301F-11D3-BF4B-00C04F79EFBC}") = "Books search engine", "Books search engine\Books search engine.csproj", "{45510D3D-E11F-4F2D-A4F9-4C3868A17358}"
EndProject
Global
	GlobalSection(SolutionConfigurationPlatforms) = preSolution
		Debug|Any CPU = Debug|Any CPU
		Release|Any CPU = Release|Any CPU
	EndGlobalSection
	GlobalSection(ProjectConfigurationPlatforms) = postSolution
		{45510D3D-E11F-4F2D-A4F9-4C3868A17358}.Debug|Any CPU.ActiveCfg = Debug|Any CPU
		{45510D3D-E11F-4F2D-A4F9-4C3868A17358}.Debug|Any CPU.Build.0 = Debug|Any CPU
		{45510D3D-E11F-4F2D-A4F9-4C3868A17358}.Release|Any CPU.ActiveCfg = Release|Any CPU
		{45510D3D-E11F-4F2D-A4F9-4C3868A17358}.Release|Any CPU.Build.0 = Release|Any CPU
	EndGlobalSection
	GlobalSection(SolutionProperties) = preSolution
		HideSolutionNode = FALSE
	EndGlobalSection
	GlobalSection(ExtensibilityGlobals) = postSolution
		SolutionGuid = {932DB191-26F6-4C0E-A4AF-C72E6A66F68F}
	EndGlobalSection
EndGlobal
